// !$*UTF8*$!
{
	archiveVersion = 1;
	classes = {
	};
	objectVersion = 46;
	objects = {

/* Begin PBXBuildFile section */
		E627E71113A450C000E70462 /* StatTextField.m in Sources */ = {isa = PBXBuildFile; fileRef = E627E71013A450C000E70462 /* StatTextField.m */; };
		E627E71513A460B500E70462 /* NSManagedObject+QuickStat.m in Sources */ = {isa = PBXBuildFile; fileRef = E627E71413A460B500E70462 /* NSManagedObject+QuickStat.m */; };
		E6A4EFE213AAE46200999E53 /* Stat.m in Sources */ = {isa = PBXBuildFile; fileRef = E6A4EFE113AAE46200999E53 /* Stat.m */; };
		E6A4EFE513AAE46C00999E53 /* Value.m in Sources */ = {isa = PBXBuildFile; fileRef = E6A4EFE413AAE46C00999E53 /* Value.m */; };
		E6E7115613A41224000D647C /* UIKit.framework in Frameworks */ = {isa = PBXBuildFile; fileRef = E6E7115513A41224000D647C /* UIKit.framework */; };
		E6E7115813A41224000D647C /* Foundation.framework in Frameworks */ = {isa = PBXBuildFile; fileRef = E6E7115713A41224000D647C /* Foundation.framework */; };
		E6E7115A13A41224000D647C /* CoreGraphics.framework in Frameworks */ = {isa = PBXBuildFile; fileRef = E6E7115913A41224000D647C /* CoreGraphics.framework */; };
		E6E7115C13A41224000D647C /* CoreData.framework in Frameworks */ = {isa = PBXBuildFile; fileRef = E6E7115B13A41224000D647C /* CoreData.framework */; };
		E6EC03AA13A4147E00F504C0 /* QuickStat.xcdatamodeld in Sources */ = {isa = PBXBuildFile; fileRef = E6EC03A613A4147E00F504C0 /* QuickStat.xcdatamodeld */; };
		E6EC03AB13A4147E00F504C0 /* AppDelegate.m in Sources */ = {isa = PBXBuildFile; fileRef = E6EC03A913A4147E00F504C0 /* AppDelegate.m */; };
		E6EC03B013A4148800F504C0 /* main.m in Sources */ = {isa = PBXBuildFile; fileRef = E6EC03AD13A4148800F504C0 /* main.m */; };
		E6EC03BE13A41EC100F504C0 /* StatsViewController.m in Sources */ = {isa = PBXBuildFile; fileRef = E6EC03BD13A41EC100F504C0 /* StatsViewController.m */; };
		E6EC03C213A43C9600F504C0 /* AddStatViewController.m in Sources */ = {isa = PBXBuildFile; fileRef = E6EC03C113A43C9600F504C0 /* AddStatViewController.m */; };
/* End PBXBuildFile section */

/* Begin PBXFileReference section */
		E627E70F13A450C000E70462 /* StatTextField.h */ = {isa = PBXFileReference; fileEncoding = 4; lastKnownFileType = sourcecode.c.h; path = StatTextField.h; sourceTree = "<group>"; };
		E627E71013A450C000E70462 /* StatTextField.m */ = {isa = PBXFileReference; fileEncoding = 4; lastKnownFileType = sourcecode.c.objc; path = StatTextField.m; sourceTree = "<group>"; };
		E627E71313A460B500E70462 /* NSManagedObject+QuickStat.h */ = {isa = PBXFileReference; fileEncoding = 4; lastKnownFileType = sourcecode.c.h; path = "NSManagedObject+QuickStat.h"; sourceTree = "<group>"; };
		E627E71413A460B500E70462 /* NSManagedObject+QuickStat.m */ = {isa = PBXFileReference; fileEncoding = 4; lastKnownFileType = sourcecode.c.objc; path = "NSManagedObject+QuickStat.m"; sourceTree = "<group>"; };
		E6A4EFE013AAE46200999E53 /* Stat.h */ = {isa = PBXFileReference; fileEncoding = 4; lastKnownFileType = sourcecode.c.h; path = Stat.h; sourceTree = "<group>"; };
		E6A4EFE113AAE46200999E53 /* Stat.m */ = {isa = PBXFileReference; fileEncoding = 4; lastKnownFileType = sourcecode.c.objc; path = Stat.m; sourceTree = "<group>"; };
		E6A4EFE313AAE46C00999E53 /* Value.h */ = {isa = PBXFileReference; fileEncoding = 4; lastKnownFileType = sourcecode.c.h; path = Value.h; sourceTree = "<group>"; };
		E6A4EFE413AAE46C00999E53 /* Value.m */ = {isa = PBXFileReference; fileEncoding = 4; lastKnownFileType = sourcecode.c.objc; path = Value.m; sourceTree = "<group>"; };
		E6E7115113A41224000D647C /* QuickStat.app */ = {isa = PBXFileReference; explicitFileType = wrapper.application; includeInIndex = 0; path = QuickStat.app; sourceTree = BUILT_PRODUCTS_DIR; };
		E6E7115513A41224000D647C /* UIKit.framework */ = {isa = PBXFileReference; lastKnownFileType = wrapper.framework; name = UIKit.framework; path = System/Library/Frameworks/UIKit.framework; sourceTree = SDKROOT; };
		E6E7115713A41224000D647C /* Foundation.framework */ = {isa = PBXFileReference; lastKnownFileType = wrapper.framework; name = Foundation.framework; path = System/Library/Frameworks/Foundation.framework; sourceTree = SDKROOT; };
		E6E7115913A41224000D647C /* CoreGraphics.framework */ = {isa = PBXFileReference; lastKnownFileType = wrapper.framework; name = CoreGraphics.framework; path = System/Library/Frameworks/CoreGraphics.framework; sourceTree = SDKROOT; };
		E6E7115B13A41224000D647C /* CoreData.framework */ = {isa = PBXFileReference; lastKnownFileType = wrapper.framework; name = CoreData.framework; path = System/Library/Frameworks/CoreData.framework; sourceTree = SDKROOT; };
		E6EC03A713A4147E00F504C0 /* QuickStat.xcdatamodel */ = {isa = PBXFileReference; lastKnownFileType = wrapper.xcdatamodel; path = QuickStat.xcdatamodel; sourceTree = "<group>"; };
		E6EC03A813A4147E00F504C0 /* AppDelegate.h */ = {isa = PBXFileReference; fileEncoding = 4; lastKnownFileType = sourcecode.c.h; path = AppDelegate.h; sourceTree = "<group>"; };
		E6EC03A913A4147E00F504C0 /* AppDelegate.m */ = {isa = PBXFileReference; fileEncoding = 4; lastKnownFileType = sourcecode.c.objc; path = AppDelegate.m; sourceTree = "<group>"; };
		E6EC03AD13A4148800F504C0 /* main.m */ = {isa = PBXFileReference; fileEncoding = 4; lastKnownFileType = sourcecode.c.objc; path = main.m; sourceTree = "<group>"; };
		E6EC03AE13A4148800F504C0 /* QuickStat-Info.plist */ = {isa = PBXFileReference; fileEncoding = 4; lastKnownFileType = text.plist.xml; path = "QuickStat-Info.plist"; sourceTree = "<group>"; };
		E6EC03AF13A4148800F504C0 /* QuickStat-Prefix.pch */ = {isa = PBXFileReference; fileEncoding = 4; lastKnownFileType = sourcecode.c.h; path = "QuickStat-Prefix.pch"; sourceTree = "<group>"; };
		E6EC03BC13A41EC100F504C0 /* StatsViewController.h */ = {isa = PBXFileReference; fileEncoding = 4; lastKnownFileType = sourcecode.c.h; path = StatsViewController.h; sourceTree = "<group>"; };
		E6EC03BD13A41EC100F504C0 /* StatsViewController.m */ = {isa = PBXFileReference; fileEncoding = 4; lastKnownFileType = sourcecode.c.objc; path = StatsViewController.m; sourceTree = "<group>"; };
		E6EC03C013A43C9600F504C0 /* AddStatViewController.h */ = {isa = PBXFileReference; fileEncoding = 4; lastKnownFileType = sourcecode.c.h; path = AddStatViewController.h; sourceTree = "<group>"; };
		E6EC03C113A43C9600F504C0 /* AddStatViewController.m */ = {isa = PBXFileReference; fileEncoding = 4; lastKnownFileType = sourcecode.c.objc; path = AddStatViewController.m; sourceTree = "<group>"; };
/* End PBXFileReference section */

/* Begin PBXFrameworksBuildPhase section */
		E6E7114E13A41224000D647C /* Frameworks */ = {
			isa = PBXFrameworksBuildPhase;
			buildActionMask = 2147483647;
			files = (
				E6E7115613A41224000D647C /* UIKit.framework in Frameworks */,
				E6E7115813A41224000D647C /* Foundation.framework in Frameworks */,
				E6E7115A13A41224000D647C /* CoreGraphics.framework in Frameworks */,
				E6E7115C13A41224000D647C /* CoreData.framework in Frameworks */,
			);
			runOnlyForDeploymentPostprocessing = 0;
		};
/* End PBXFrameworksBuildPhase section */

/* Begin PBXGroup section */
		E627E71213A4608900E70462 /* Categories */ = {
			isa = PBXGroup;
			children = (
				E627E71313A460B500E70462 /* NSManagedObject+QuickStat.h */,
				E627E71413A460B500E70462 /* NSManagedObject+QuickStat.m */,
			);
			path = Categories;
			sourceTree = "<group>";
		};
		E6E7114613A41224000D647C = {
			isa = PBXGroup;
			children = (
				E627E71213A4608900E70462 /* Categories */,
				E6EC03A413A4147E00F504C0 /* Application */,
				E6EC03AC13A4148800F504C0 /* Supporting Files */,
				E6E7115413A41224000D647C /* Frameworks */,
				E6E7115213A41224000D647C /* Products */,
			);
			sourceTree = "<group>";
		};
		E6E7115213A41224000D647C /* Products */ = {
			isa = PBXGroup;
			children = (
				E6E7115113A41224000D647C /* QuickStat.app */,
			);
			name = Products;
			sourceTree = "<group>";
		};
		E6E7115413A41224000D647C /* Frameworks */ = {
			isa = PBXGroup;
			children = (
				E6E7115513A41224000D647C /* UIKit.framework */,
				E6E7115713A41224000D647C /* Foundation.framework */,
				E6E7115913A41224000D647C /* CoreGraphics.framework */,
				E6E7115B13A41224000D647C /* CoreData.framework */,
			);
			name = Frameworks;
			sourceTree = "<group>";
		};
		E6EC03A413A4147E00F504C0 /* Application */ = {
			isa = PBXGroup;
			children = (
				E6EC03A513A4147E00F504C0 /* Models */,
				E6EC03C313A449B900F504C0 /* Views */,
				E6EC03BB13A41EC100F504C0 /* Controllers */,
				E6EC03A813A4147E00F504C0 /* AppDelegate.h */,
				E6EC03A913A4147E00F504C0 /* AppDelegate.m */,
			);
			path = Application;
			sourceTree = "<group>";
		};
		E6EC03A513A4147E00F504C0 /* Models */ = {
			isa = PBXGroup;
			children = (
				E6EC03A613A4147E00F504C0 /* QuickStat.xcdatamodeld */,
				E6A4EFE313AAE46C00999E53 /* Value.h */,
				E6A4EFE413AAE46C00999E53 /* Value.m */,
				E6A4EFE013AAE46200999E53 /* Stat.h */,
				E6A4EFE113AAE46200999E53 /* Stat.m */,
			);
			path = Models;
			sourceTree = "<group>";
		};
		E6EC03AC13A4148800F504C0 /* Supporting Files */ = {
			isa = PBXGroup;
			children = (
				E6EC03AD13A4148800F504C0 /* main.m */,
				E6EC03AE13A4148800F504C0 /* QuickStat-Info.plist */,
				E6EC03AF13A4148800F504C0 /* QuickStat-Prefix.pch */,
			);
			path = "Supporting Files";
			sourceTree = "<group>";
		};
		E6EC03BB13A41EC100F504C0 /* Controllers */ = {
			isa = PBXGroup;
			children = (
				E6EC03BC13A41EC100F504C0 /* StatsViewController.h */,
				E6EC03BD13A41EC100F504C0 /* StatsViewController.m */,
				E6EC03C013A43C9600F504C0 /* AddStatViewController.h */,
				E6EC03C113A43C9600F504C0 /* AddStatViewController.m */,
			);
			path = Controllers;
			sourceTree = "<group>";
		};
		E6EC03C313A449B900F504C0 /* Views */ = {
			isa = PBXGroup;
			children = (
				E627E70F13A450C000E70462 /* StatTextField.h */,
				E627E71013A450C000E70462 /* StatTextField.m */,
			);
			path = Views;
			sourceTree = "<group>";
		};
/* End PBXGroup section */

/* Begin PBXNativeTarget section */
		E6E7115013A41224000D647C /* QuickStat */ = {
			isa = PBXNativeTarget;
			buildConfigurationList = E6E7117113A41224000D647C /* Build configuration list for PBXNativeTarget "QuickStat" */;
			buildPhases = (
				E6E7114D13A41224000D647C /* Sources */,
				E6E7114E13A41224000D647C /* Frameworks */,
				E6E7114F13A41224000D647C /* Resources */,
			);
			buildRules = (
			);
			dependencies = (
			);
			name = QuickStat;
			productName = QuickStat;
			productReference = E6E7115113A41224000D647C /* QuickStat.app */;
			productType = "com.apple.product-type.application";
		};
/* End PBXNativeTarget section */

/* Begin PBXProject section */
		E6E7114813A41224000D647C /* Project object */ = {
			isa = PBXProject;
			attributes = {
				ORGANIZATIONNAME = "Shreyans Bhansali";
			};
			buildConfigurationList = E6E7114B13A41224000D647C /* Build configuration list for PBXProject "QuickStat" */;
			compatibilityVersion = "Xcode 3.2";
			developmentRegion = English;
			hasScannedForEncodings = 0;
			knownRegions = (
				en,
			);
			mainGroup = E6E7114613A41224000D647C;
			productRefGroup = E6E7115213A41224000D647C /* Products */;
			projectDirPath = "";
			projectRoot = "";
			targets = (
				E6E7115013A41224000D647C /* QuickStat */,
			);
		};
/* End PBXProject section */

/* Begin PBXResourcesBuildPhase section */
		E6E7114F13A41224000D647C /* Resources */ = {
			isa = PBXResourcesBuildPhase;
			buildActionMask = 2147483647;
			files = (
			);
			runOnlyForDeploymentPostprocessing = 0;
		};
/* End PBXResourcesBuildPhase section */

/* Begin PBXSourcesBuildPhase section */
		E6E7114D13A41224000D647C /* Sources */ = {
			isa = PBXSourcesBuildPhase;
			buildActionMask = 2147483647;
			files = (
				E6EC03AA13A4147E00F504C0 /* QuickStat.xcdatamodeld in Sources */,
				E6EC03AB13A4147E00F504C0 /* AppDelegate.m in Sources */,
				E6EC03B013A4148800F504C0 /* main.m in Sources */,
				E6EC03BE13A41EC100F504C0 /* StatsViewController.m in Sources */,
				E6EC03C213A43C9600F504C0 /* AddStatViewController.m in Sources */,
				E627E71113A450C000E70462 /* StatTextField.m in Sources */,
				E627E71513A460B500E70462 /* NSManagedObject+QuickStat.m in Sources */,
				E6A4EFE213AAE46200999E53 /* Stat.m in Sources */,
				E6A4EFE513AAE46C00999E53 /* Value.m in Sources */,
			);
			runOnlyForDeploymentPostprocessing = 0;
		};
/* End PBXSourcesBuildPhase section */

/* Begin XCBuildConfiguration section */
		E6E7116F13A41224000D647C /* Debug */ = {
			isa = XCBuildConfiguration;
			buildSettings = {
				ARCHS = "$(ARCHS_STANDARD_32_BIT)";
				"CODE_SIGN_IDENTITY[sdk=iphoneos*]" = "iPhone Developer";
				GCC_C_LANGUAGE_STANDARD = gnu99;
				GCC_OPTIMIZATION_LEVEL = 0;
				GCC_PREPROCESSOR_DEFINITIONS = DEBUG;
				GCC_SYMBOLS_PRIVATE_EXTERN = NO;
				GCC_VERSION = com.apple.compilers.llvmgcc42;
				GCC_WARN_ABOUT_RETURN_TYPE = YES;
				GCC_WARN_UNUSED_VARIABLE = YES;
				IPHONEOS_DEPLOYMENT_TARGET = 4.3;
				SDKROOT = iphoneos;
			};
			name = Debug;
		};
		E6E7117013A41224000D647C /* Release */ = {
			isa = XCBuildConfiguration;
			buildSettings = {
				ARCHS = "$(ARCHS_STANDARD_32_BIT)";
				"CODE_SIGN_IDENTITY[sdk=iphoneos*]" = "iPhone Developer";
				GCC_C_LANGUAGE_STANDARD = gnu99;
				GCC_VERSION = com.apple.compilers.llvmgcc42;
				GCC_WARN_ABOUT_RETURN_TYPE = YES;
				GCC_WARN_UNUSED_VARIABLE = YES;
				IPHONEOS_DEPLOYMENT_TARGET = 4.3;
				OTHER_CFLAGS = "-DNS_BLOCK_ASSERTIONS=1";
				SDKROOT = iphoneos;
			};
			name = Release;
		};
		E6E7117213A41224000D647C /* Debug */ = {
			isa = XCBuildConfiguration;
			buildSettings = {
				ALWAYS_SEARCH_USER_PATHS = NO;
				COPY_PHASE_STRIP = NO;
				GCC_DYNAMIC_NO_PIC = NO;
				GCC_PRECOMPILE_PREFIX_HEADER = YES;
				GCC_PREFIX_HEADER = "Supporting Files/QuickStat-Prefix.pch";
				INFOPLIST_FILE = "Supporting Files/QuickStat-Info.plist";
				PRODUCT_NAME = "$(TARGET_NAME)";
				WRAPPER_EXTENSION = app;
			};
			name = Debug;
		};
		E6E7117313A41224000D647C /* Release */ = {
			isa = XCBuildConfiguration;
			buildSettings = {
				ALWAYS_SEARCH_USER_PATHS = NO;
				COPY_PHASE_STRIP = YES;
				GCC_PRECOMPILE_PREFIX_HEADER = YES;
				GCC_PREFIX_HEADER = "Supporting Files/QuickStat-Prefix.pch";
				INFOPLIST_FILE = "Supporting Files/QuickStat-Info.plist";
				PRODUCT_NAME = "$(TARGET_NAME)";
				VALIDATE_PRODUCT = YES;
				WRAPPER_EXTENSION = app;
			};
			name = Release;
		};
/* End XCBuildConfiguration section */

/* Begin XCConfigurationList section */
		E6E7114B13A41224000D647C /* Build configuration list for PBXProject "QuickStat" */ = {
			isa = XCConfigurationList;
			buildConfigurations = (
				E6E7116F13A41224000D647C /* Debug */,
				E6E7117013A41224000D647C /* Release */,
			);
			defaultConfigurationIsVisible = 0;
			defaultConfigurationName = Release;
		};
		E6E7117113A41224000D647C /* Build configuration list for PBXNativeTarget "QuickStat" */ = {
			isa = XCConfigurationList;
			buildConfigurations = (
				E6E7117213A41224000D647C /* Debug */,
				E6E7117313A41224000D647C /* Release */,
			);
			defaultConfigurationIsVisible = 0;
			defaultConfigurationName = Release;
		};
/* End XCConfigurationList section */

/* Begin XCVersionGroup section */
		E6EC03A613A4147E00F504C0 /* QuickStat.xcdatamodeld */ = {
			isa = XCVersionGroup;
			children = (
				E6EC03A713A4147E00F504C0 /* QuickStat.xcdatamodel */,
			);
			currentVersion = E6EC03A713A4147E00F504C0 /* QuickStat.xcdatamodel */;
			path = QuickStat.xcdatamodeld;
			sourceTree = "<group>";
			versionGroupType = wrapper.xcdatamodel;
		};
/* End XCVersionGroup section */
	};
	rootObject = E6E7114813A41224000D647C /* Project object */;
}
